
Microsoft Visual Studio Solution File, Format Version 12.00
# Visual Studio Version 17
VisualStudioVersion = 17.1.32328.378
MinimumVisualStudioVersion = 10.0.40219.1
Project("{FAE04EC0-301F-11D3-BF4B-00C04F79EFBC}") = "SMSEMAILService", "SMSEMAILService\SMSEMAILService.csproj", "{69B9BA55-679E-42CB-BA12-4948F406D49D}"
EndProject
Project("{FAE04EC0-301F-11D3-BF4B-00C04F79EFBC}") = "EmailLib", "EmailLib\EmailLib.csproj", "{01DE429D-BA07-44F3-8B5E-BEACCB009534}"
EndProject
Global
	GlobalSection(SolutionConfigurationPlatforms) = preSolution
		Debug|Any CPU = Debug|Any CPU
		Release|Any CPU = Release|Any CPU
	EndGlobalSection
	GlobalSection(ProjectConfigurationPlatforms) = postSolution
		{69B9BA55-679E-42CB-BA12-4948F406D49D}.Debug|Any CPU.ActiveCfg = Debug|Any CPU
		{69B9BA55-679E-42CB-BA12-4948F406D49D}.Debug|Any CPU.Build.0 = Debug|Any CPU
		{69B9BA55-679E-42CB-BA12-4948F406D49D}.Release|Any CPU.ActiveCfg = Release|Any CPU
		{69B9BA55-679E-42CB-BA12-4948F406D49D}.Release|Any CPU.Build.0 = Release|Any CPU
		{01DE429D-BA07-44F3-8B5E-BEACCB009534}.Debug|Any CPU.ActiveCfg = Debug|Any CPU
		{01DE429D-BA07-44F3-8B5E-BEACCB009534}.Debug|Any CPU.Build.0 = Debug|Any CPU
		{01DE429D-BA07-44F3-8B5E-BEACCB009534}.Release|Any CPU.ActiveCfg = Release|Any CPU
		{01DE429D-BA07-44F3-8B5E-BEACCB009534}.Release|Any CPU.Build.0 = Release|Any CPU
	EndGlobalSection
	GlobalSection(SolutionProperties) = preSolution
		HideSolutionNode = FALSE
	EndGlobalSection
	GlobalSection(ExtensibilityGlobals) = postSolution
		SolutionGuid = {0BC6BDEF-84E4-43D8-BC85-8642541BE10A}
	EndGlobalSection
EndGlobal
